
Microsoft Visual Studio Solution File, Format Version 12.00
# Visual Studio Version 17
VisualStudioVersion = 17.11.35327.3
MinimumVisualStudioVersion = 10.0.40219.1
Project("{9A19103F-16F7-4668-BE54-9A1E7A4F7556}") = "BM.WebAPI", "BM.WebAPI\BM.WebAPI.csproj", "{2FC0FDF3-11C9-43C7-911B-9A2FAE122C6F}"
EndProject
Project("{2150E333-8FDC-42A3-9474-1A3956D46DE8}") = "Services", "Services", "{F06A3ACB-6504-4FB1-B0B6-287007FCA2EB}"
EndProject
Project("{2150E333-8FDC-42A3-9474-1A3956D46DE8}") = "Auth", "Auth", "{F82A9608-D151-4E64-BA06-83AB2E0B7DE2}"
EndProject
Project("{9A19103F-16F7-4668-BE54-9A1E7A4F7556}") = "BM.Auth.ApplicationService", "Services\Auth\BM.Auth.ApplicationService\BM.Auth.ApplicationService.csproj", "{A453AE10-170B-4BDD-8019-8C96FA6F7022}"
EndProject
Project("{2150E333-8FDC-42A3-9474-1A3956D46DE8}") = "Booking", "Booking", "{7F268B09-2763-4EAD-9FA4-5B3EA7B8081E}"
EndProject
Project("{2150E333-8FDC-42A3-9474-1A3956D46DE8}") = "Social", "Social", "{10452399-6E64-4782-85F2-68F89C7E69E4}"
EndProject
Project("{9A19103F-16F7-4668-BE54-9A1E7A4F7556}") = "BM.Auth.Domain", "Services\Auth\BM.Auth.Domain\BM.Auth.Domain.csproj", "{B2F94A24-0FC9-4970-9A27-FDC3F50EDC9E}"
EndProject
Project("{9A19103F-16F7-4668-BE54-9A1E7A4F7556}") = "BM.Auth.Dtos", "Services\Auth\BM.Auth.Dtos\BM.Auth.Dtos.csproj", "{6C7023E7-71D5-4008-B91F-2FAC5D8FB554}"
EndProject
Project("{9A19103F-16F7-4668-BE54-9A1E7A4F7556}") = "BM.Auth.Infrastructure", "Services\Auth\BM.Auth.Infrastructure\BM.Auth.Infrastructure.csproj", "{12C2DD41-61D2-4F57-BD7C-DDA21C240E6F}"
EndProject
Project("{9A19103F-16F7-4668-BE54-9A1E7A4F7556}") = "BM.Booking.Domain", "Services\Booking\BM.Booking.Domain\BM.Booking.Domain.csproj", "{A653F23A-C3B1-4B8B-9C26-BD897A8FF0E1}"
EndProject
Project("{9A19103F-16F7-4668-BE54-9A1E7A4F7556}") = "BM.Booking.Dtos", "Services\Booking\BM.Booking.Dtos\BM.Booking.Dtos.csproj", "{13BDB61F-FF99-4779-B6A4-3E7437E11DCE}"
EndProject
Project("{9A19103F-16F7-4668-BE54-9A1E7A4F7556}") = "BM.Booking.Infrastructure", "Services\Booking\BM.Booking.Infrastructure\BM.Booking.Infrastructure.csproj", "{5C8EE6D9-10AD-4561-9A61-3237E907A3CA}"
EndProject
Project("{9A19103F-16F7-4668-BE54-9A1E7A4F7556}") = "BM.Social.ApplicationService", "Services\Social\BM.Social.ApplicationService\BM.Social.ApplicationService.csproj", "{E059F562-AEB7-4D7B-8106-4122EF9629FC}"
EndProject
Project("{9A19103F-16F7-4668-BE54-9A1E7A4F7556}") = "BM.Social.Domain", "Services\Social\BM.Social.Domain\BM.Social.Domain.csproj", "{F73D87F1-D811-4A92-82C7-8C607A5A8AB6}"
EndProject
Project("{9A19103F-16F7-4668-BE54-9A1E7A4F7556}") = "BM.Social.Dtos", "Services\Social\BM.Social.Dtos\BM.Social.Dtos.csproj", "{F818B7B3-FBE2-43AF-AC51-E270B9127B26}"
EndProject
Project("{9A19103F-16F7-4668-BE54-9A1E7A4F7556}") = "BM.Social.Infrastructure", "Services\Social\BM.Social.Infrastructure\BM.Social.Infrastructure.csproj", "{FAAC9416-9737-4425-8143-55E11D953DB7}"
EndProject
Project("{2150E333-8FDC-42A3-9474-1A3956D46DE8}") = "Shared", "Shared", "{69FBB740-7984-45D0-B54A-150ED29A7EF3}"
EndProject
Project("{9A19103F-16F7-4668-BE54-9A1E7A4F7556}") = "BM.Constant", "Services\Shared\BM.Constant\BM.Constant.csproj", "{3A5C4176-48A0-453A-9A66-B20B55B1C1B0}"
EndProject
Project("{9A19103F-16F7-4668-BE54-9A1E7A4F7556}") = "BM.Shared.ApplicationService", "Services\Shared\BM.Shared.ApplicationService\BM.Shared.ApplicationService.csproj", "{0FE5FF39-9660-42A5-8D26-62E931FAB9DB}"
EndProject
Project("{FAE04EC0-301F-11D3-BF4B-00C04F79EFBC}") = "BM.Booking.ApplicationService", "Services\Booking\BM.Booking.ApplicationService\BM.Booking.ApplicationService.csproj", "{A9164089-A3CE-42B2-A662-6668A8DE8583}"
EndProject
Global
	GlobalSection(SolutionConfigurationPlatforms) = preSolution
		Debug|Any CPU = Debug|Any CPU
		Release|Any CPU = Release|Any CPU
	EndGlobalSection
	GlobalSection(ProjectConfigurationPlatforms) = postSolution
		{2FC0FDF3-11C9-43C7-911B-9A2FAE122C6F}.Debug|Any CPU.ActiveCfg = Debug|Any CPU
		{2FC0FDF3-11C9-43C7-911B-9A2FAE122C6F}.Debug|Any CPU.Build.0 = Debug|Any CPU
		{2FC0FDF3-11C9-43C7-911B-9A2FAE122C6F}.Release|Any CPU.ActiveCfg = Release|Any CPU
		{2FC0FDF3-11C9-43C7-911B-9A2FAE122C6F}.Release|Any CPU.Build.0 = Release|Any CPU
		{A453AE10-170B-4BDD-8019-8C96FA6F7022}.Debug|Any CPU.ActiveCfg = Debug|Any CPU
		{A453AE10-170B-4BDD-8019-8C96FA6F7022}.Debug|Any CPU.Build.0 = Debug|Any CPU
		{A453AE10-170B-4BDD-8019-8C96FA6F7022}.Release|Any CPU.ActiveCfg = Release|Any CPU
		{A453AE10-170B-4BDD-8019-8C96FA6F7022}.Release|Any CPU.Build.0 = Release|Any CPU
		{B2F94A24-0FC9-4970-9A27-FDC3F50EDC9E}.Debug|Any CPU.ActiveCfg = Debug|Any CPU
		{B2F94A24-0FC9-4970-9A27-FDC3F50EDC9E}.Debug|Any CPU.Build.0 = Debug|Any CPU
		{B2F94A24-0FC9-4970-9A27-FDC3F50EDC9E}.Release|Any CPU.ActiveCfg = Release|Any CPU
		{B2F94A24-0FC9-4970-9A27-FDC3F50EDC9E}.Release|Any CPU.Build.0 = Release|Any CPU
		{6C7023E7-71D5-4008-B91F-2FAC5D8FB554}.Debug|Any CPU.ActiveCfg = Debug|Any CPU
		{6C7023E7-71D5-4008-B91F-2FAC5D8FB554}.Debug|Any CPU.Build.0 = Debug|Any CPU
		{6C7023E7-71D5-4008-B91F-2FAC5D8FB554}.Release|Any CPU.ActiveCfg = Release|Any CPU
		{6C7023E7-71D5-4008-B91F-2FAC5D8FB554}.Release|Any CPU.Build.0 = Release|Any CPU
		{12C2DD41-61D2-4F57-BD7C-DDA21C240E6F}.Debug|Any CPU.ActiveCfg = Debug|Any CPU
		{12C2DD41-61D2-4F57-BD7C-DDA21C240E6F}.Debug|Any CPU.Build.0 = Debug|Any CPU
		{12C2DD41-61D2-4F57-BD7C-DDA21C240E6F}.Release|Any CPU.ActiveCfg = Release|Any CPU
		{12C2DD41-61D2-4F57-BD7C-DDA21C240E6F}.Release|Any CPU.Build.0 = Release|Any CPU
		{A653F23A-C3B1-4B8B-9C26-BD897A8FF0E1}.Debug|Any CPU.ActiveCfg = Debug|Any CPU
		{A653F23A-C3B1-4B8B-9C26-BD897A8FF0E1}.Debug|Any CPU.Build.0 = Debug|Any CPU
		{A653F23A-C3B1-4B8B-9C26-BD897A8FF0E1}.Release|Any CPU.ActiveCfg = Release|Any CPU
		{A653F23A-C3B1-4B8B-9C26-BD897A8FF0E1}.Release|Any CPU.Build.0 = Release|Any CPU
		{13BDB61F-FF99-4779-B6A4-3E7437E11DCE}.Debug|Any CPU.ActiveCfg = Debug|Any CPU
		{13BDB61F-FF99-4779-B6A4-3E7437E11DCE}.Debug|Any CPU.Build.0 = Debug|Any CPU
		{13BDB61F-FF99-4779-B6A4-3E7437E11DCE}.Release|Any CPU.ActiveCfg = Release|Any CPU
		{13BDB61F-FF99-4779-B6A4-3E7437E11DCE}.Release|Any CPU.Build.0 = Release|Any CPU
		{5C8EE6D9-10AD-4561-9A61-3237E907A3CA}.Debug|Any CPU.ActiveCfg = Debug|Any CPU
		{5C8EE6D9-10AD-4561-9A61-3237E907A3CA}.Debug|Any CPU.Build.0 = Debug|Any CPU
		{5C8EE6D9-10AD-4561-9A61-3237E907A3CA}.Release|Any CPU.ActiveCfg = Release|Any CPU
		{5C8EE6D9-10AD-4561-9A61-3237E907A3CA}.Release|Any CPU.Build.0 = Release|Any CPU
		{E059F562-AEB7-4D7B-8106-4122EF9629FC}.Debug|Any CPU.ActiveCfg = Debug|Any CPU
		{E059F562-AEB7-4D7B-8106-4122EF9629FC}.Debug|Any CPU.Build.0 = Debug|Any CPU
		{E059F562-AEB7-4D7B-8106-4122EF9629FC}.Release|Any CPU.ActiveCfg = Release|Any CPU
		{E059F562-AEB7-4D7B-8106-4122EF9629FC}.Release|Any CPU.Build.0 = Release|Any CPU
		{F73D87F1-D811-4A92-82C7-8C607A5A8AB6}.Debug|Any CPU.ActiveCfg = Debug|Any CPU
		{F73D87F1-D811-4A92-82C7-8C607A5A8AB6}.Debug|Any CPU.Build.0 = Debug|Any CPU
		{F73D87F1-D811-4A92-82C7-8C607A5A8AB6}.Release|Any CPU.ActiveCfg = Release|Any CPU
		{F73D87F1-D811-4A92-82C7-8C607A5A8AB6}.Release|Any CPU.Build.0 = Release|Any CPU
		{F818B7B3-FBE2-43AF-AC51-E270B9127B26}.Debug|Any CPU.ActiveCfg = Debug|Any CPU
		{F818B7B3-FBE2-43AF-AC51-E270B9127B26}.Debug|Any CPU.Build.0 = Debug|Any CPU
		{F818B7B3-FBE2-43AF-AC51-E270B9127B26}.Release|Any CPU.ActiveCfg = Release|Any CPU
		{F818B7B3-FBE2-43AF-AC51-E270B9127B26}.Release|Any CPU.Build.0 = Release|Any CPU
		{FAAC9416-9737-4425-8143-55E11D953DB7}.Debug|Any CPU.ActiveCfg = Debug|Any CPU
		{FAAC9416-9737-4425-8143-55E11D953DB7}.Debug|Any CPU.Build.0 = Debug|Any CPU
		{FAAC9416-9737-4425-8143-55E11D953DB7}.Release|Any CPU.ActiveCfg = Release|Any CPU
		{FAAC9416-9737-4425-8143-55E11D953DB7}.Release|Any CPU.Build.0 = Release|Any CPU
		{3A5C4176-48A0-453A-9A66-B20B55B1C1B0}.Debug|Any CPU.ActiveCfg = Debug|Any CPU
		{3A5C4176-48A0-453A-9A66-B20B55B1C1B0}.Debug|Any CPU.Build.0 = Debug|Any CPU
		{3A5C4176-48A0-453A-9A66-B20B55B1C1B0}.Release|Any CPU.ActiveCfg = Release|Any CPU
		{3A5C4176-48A0-453A-9A66-B20B55B1C1B0}.Release|Any CPU.Build.0 = Release|Any CPU
		{0FE5FF39-9660-42A5-8D26-62E931FAB9DB}.Debug|Any CPU.ActiveCfg = Debug|Any CPU
		{0FE5FF39-9660-42A5-8D26-62E931FAB9DB}.Debug|Any CPU.Build.0 = Debug|Any CPU
		{0FE5FF39-9660-42A5-8D26-62E931FAB9DB}.Release|Any CPU.ActiveCfg = Release|Any CPU
		{0FE5FF39-9660-42A5-8D26-62E931FAB9DB}.Release|Any CPU.Build.0 = Release|Any CPU
		{A9164089-A3CE-42B2-A662-6668A8DE8583}.Debug|Any CPU.ActiveCfg = Debug|Any CPU
		{A9164089-A3CE-42B2-A662-6668A8DE8583}.Debug|Any CPU.Build.0 = Debug|Any CPU
		{A9164089-A3CE-42B2-A662-6668A8DE8583}.Release|Any CPU.ActiveCfg = Release|Any CPU
		{A9164089-A3CE-42B2-A662-6668A8DE8583}.Release|Any CPU.Build.0 = Release|Any CPU
	EndGlobalSection
	GlobalSection(SolutionProperties) = preSolution
		HideSolutionNode = FALSE
	EndGlobalSection
	GlobalSection(NestedProjects) = preSolution
		{F82A9608-D151-4E64-BA06-83AB2E0B7DE2} = {F06A3ACB-6504-4FB1-B0B6-287007FCA2EB}
		{A453AE10-170B-4BDD-8019-8C96FA6F7022} = {F82A9608-D151-4E64-BA06-83AB2E0B7DE2}
		{7F268B09-2763-4EAD-9FA4-5B3EA7B8081E} = {F06A3ACB-6504-4FB1-B0B6-287007FCA2EB}
		{10452399-6E64-4782-85F2-68F89C7E69E4} = {F06A3ACB-6504-4FB1-B0B6-287007FCA2EB}
		{B2F94A24-0FC9-4970-9A27-FDC3F50EDC9E} = {F82A9608-D151-4E64-BA06-83AB2E0B7DE2}
		{6C7023E7-71D5-4008-B91F-2FAC5D8FB554} = {F82A9608-D151-4E64-BA06-83AB2E0B7DE2}
		{12C2DD41-61D2-4F57-BD7C-DDA21C240E6F} = {F82A9608-D151-4E64-BA06-83AB2E0B7DE2}
		{A653F23A-C3B1-4B8B-9C26-BD897A8FF0E1} = {7F268B09-2763-4EAD-9FA4-5B3EA7B8081E}
		{13BDB61F-FF99-4779-B6A4-3E7437E11DCE} = {7F268B09-2763-4EAD-9FA4-5B3EA7B8081E}
		{5C8EE6D9-10AD-4561-9A61-3237E907A3CA} = {7F268B09-2763-4EAD-9FA4-5B3EA7B8081E}
		{E059F562-AEB7-4D7B-8106-4122EF9629FC} = {10452399-6E64-4782-85F2-68F89C7E69E4}
		{F73D87F1-D811-4A92-82C7-8C607A5A8AB6} = {10452399-6E64-4782-85F2-68F89C7E69E4}
		{F818B7B3-FBE2-43AF-AC51-E270B9127B26} = {10452399-6E64-4782-85F2-68F89C7E69E4}
		{FAAC9416-9737-4425-8143-55E11D953DB7} = {10452399-6E64-4782-85F2-68F89C7E69E4}
		{69FBB740-7984-45D0-B54A-150ED29A7EF3} = {F06A3ACB-6504-4FB1-B0B6-287007FCA2EB}
		{3A5C4176-48A0-453A-9A66-B20B55B1C1B0} = {69FBB740-7984-45D0-B54A-150ED29A7EF3}
		{0FE5FF39-9660-42A5-8D26-62E931FAB9DB} = {69FBB740-7984-45D0-B54A-150ED29A7EF3}
		{A9164089-A3CE-42B2-A662-6668A8DE8583} = {7F268B09-2763-4EAD-9FA4-5B3EA7B8081E}
	EndGlobalSection
	GlobalSection(ExtensibilityGlobals) = postSolution
		SolutionGuid = {6F5B48A2-2540-4773-8B2B-F5F801BB246D}
	EndGlobalSection
EndGlobal
